
Microsoft Visual Studio Solution File, Format Version 12.00
# Visual Studio Version 16
VisualStudioVersion = 16.0.29503.13
MinimumVisualStudioVersion = 10.0.40219.1
Project("{FAE04EC0-301F-11D3-BF4B-00C04F79EFBC}") = "FarmManager", "FarmManager.csproj", "{E703226E-AFB5-49FD-8A1C-4574A14F29E4}"
EndProject
Global
	GlobalSection(SolutionConfigurationPlatforms) = preSolution
		Debug|Any CPU = Debug|Any CPU
		Release|Any CPU = Release|Any CPU
	EndGlobalSection
	GlobalSection(ProjectConfigurationPlatforms) = postSolution
		{E703226E-AFB5-49FD-8A1C-4574A14F29E4}.Debug|Any CPU.ActiveCfg = Debug|Any CPU
		{E703226E-AFB5-49FD-8A1C-4574A14F29E4}.Debug|Any CPU.Build.0 = Debug|Any CPU
		{E703226E-AFB5-49FD-8A1C-4574A14F29E4}.Release|Any CPU.ActiveCfg = Release|Any CPU
		{E703226E-AFB5-49FD-8A1C-4574A14F29E4}.Release|Any CPU.Build.0 = Release|Any CPU
	EndGlobalSection
	GlobalSection(SolutionProperties) = preSolution
		HideSolutionNode = FALSE
	EndGlobalSection
	GlobalSection(ExtensibilityGlobals) = postSolution
		SolutionGuid = {D1D1E1AE-376C-42AA-AE7F-86B1D548FBF0}
	EndGlobalSection
EndGlobal
